
Microsoft Visual Studio Solution File, Format Version 12.00
# Visual Studio Version 17
VisualStudioVersion = 17.3.32825.248
MinimumVisualStudioVersion = 10.0.40219.1
Project("{FAE04EC0-301F-11D3-BF4B-00C04F79EFBC}") = "mor-adisyon", "mor-adisyon\mor-adisyon.csproj", "{792D7295-2B5F-4840-9369-20036ADDBCB6}"
EndProject
Project("{2150E333-8FDC-42A3-9474-1A3956D46DE8}") = "Solution Items", "Solution Items", "{366E0738-0D5F-461B-A41D-634A2FB8285B}"
	ProjectSection(SolutionItems) = preProject
		app.manifest = app.manifest
	EndProjectSection
EndProject
Global
	GlobalSection(SolutionConfigurationPlatforms) = preSolution
		Debug|Any CPU = Debug|Any CPU
		Release|Any CPU = Release|Any CPU
	EndGlobalSection
	GlobalSection(ProjectConfigurationPlatforms) = postSolution
		{792D7295-2B5F-4840-9369-20036ADDBCB6}.Debug|Any CPU.ActiveCfg = Debug|Any CPU
		{792D7295-2B5F-4840-9369-20036ADDBCB6}.Debug|Any CPU.Build.0 = Debug|Any CPU
		{792D7295-2B5F-4840-9369-20036ADDBCB6}.Release|Any CPU.ActiveCfg = Release|Any CPU
		{792D7295-2B5F-4840-9369-20036ADDBCB6}.Release|Any CPU.Build.0 = Release|Any CPU
	EndGlobalSection
	GlobalSection(SolutionProperties) = preSolution
		HideSolutionNode = FALSE
	EndGlobalSection
	GlobalSection(ExtensibilityGlobals) = postSolution
		SolutionGuid = {BC262132-A394-4231-8B98-40B13E717B7E}
	EndGlobalSection
EndGlobal
